
Microsoft Visual Studio Solution File, Format Version 12.00
# Visual Studio Version 17
VisualStudioVersion = 17.7.34221.43
MinimumVisualStudioVersion = 10.0.40219.1
Project("{9A19103F-16F7-4668-BE54-9A1E7A4F7556}") = "BorkarEmlak.DATA", "BorkarEmlak.DATA\BorkarEmlak.DATA.csproj", "{397D7392-3D03-40E4-A21B-FF267FD2EAF5}"
EndProject
Project("{9A19103F-16F7-4668-BE54-9A1E7A4F7556}") = "BorkarEmlak.REPO", "BorkarEmlak.REPO\BorkarEmlak.REPO.csproj", "{48DF23D4-2E95-49C8-BCE1-B283EDEE47CB}"
EndProject
Project("{9A19103F-16F7-4668-BE54-9A1E7A4F7556}") = "BorkarEmlak.SERVICE", "BorkarEmlak.SERVICE\BorkarEmlak.SERVICE.csproj", "{FC5516A0-E4CB-44AA-B17B-EE54DC913BA8}"
EndProject
Project("{FAE04EC0-301F-11D3-BF4B-00C04F79EFBC}") = "BorkarEmlakUI", "BorkarEmlakUI\BorkarEmlakUI.csproj", "{A0DAE979-5FD1-40A4-8923-9EB8865CB6BC}"
EndProject
Global
	GlobalSection(SolutionConfigurationPlatforms) = preSolution
		Debug|Any CPU = Debug|Any CPU
		Release|Any CPU = Release|Any CPU
	EndGlobalSection
	GlobalSection(ProjectConfigurationPlatforms) = postSolution
		{397D7392-3D03-40E4-A21B-FF267FD2EAF5}.Debug|Any CPU.ActiveCfg = Debug|Any CPU
		{397D7392-3D03-40E4-A21B-FF267FD2EAF5}.Debug|Any CPU.Build.0 = Debug|Any CPU
		{397D7392-3D03-40E4-A21B-FF267FD2EAF5}.Release|Any CPU.ActiveCfg = Release|Any CPU
		{397D7392-3D03-40E4-A21B-FF267FD2EAF5}.Release|Any CPU.Build.0 = Release|Any CPU
		{48DF23D4-2E95-49C8-BCE1-B283EDEE47CB}.Debug|Any CPU.ActiveCfg = Debug|Any CPU
		{48DF23D4-2E95-49C8-BCE1-B283EDEE47CB}.Debug|Any CPU.Build.0 = Debug|Any CPU
		{48DF23D4-2E95-49C8-BCE1-B283EDEE47CB}.Release|Any CPU.ActiveCfg = Release|Any CPU
		{48DF23D4-2E95-49C8-BCE1-B283EDEE47CB}.Release|Any CPU.Build.0 = Release|Any CPU
		{FC5516A0-E4CB-44AA-B17B-EE54DC913BA8}.Debug|Any CPU.ActiveCfg = Debug|Any CPU
		{FC5516A0-E4CB-44AA-B17B-EE54DC913BA8}.Debug|Any CPU.Build.0 = Debug|Any CPU
		{FC5516A0-E4CB-44AA-B17B-EE54DC913BA8}.Release|Any CPU.ActiveCfg = Release|Any CPU
		{FC5516A0-E4CB-44AA-B17B-EE54DC913BA8}.Release|Any CPU.Build.0 = Release|Any CPU
		{A0DAE979-5FD1-40A4-8923-9EB8865CB6BC}.Debug|Any CPU.ActiveCfg = Debug|Any CPU
		{A0DAE979-5FD1-40A4-8923-9EB8865CB6BC}.Debug|Any CPU.Build.0 = Debug|Any CPU
		{A0DAE979-5FD1-40A4-8923-9EB8865CB6BC}.Release|Any CPU.ActiveCfg = Release|Any CPU
		{A0DAE979-5FD1-40A4-8923-9EB8865CB6BC}.Release|Any CPU.Build.0 = Release|Any CPU
	EndGlobalSection
	GlobalSection(SolutionProperties) = preSolution
		HideSolutionNode = FALSE
	EndGlobalSection
	GlobalSection(ExtensibilityGlobals) = postSolution
		SolutionGuid = {8C3E2A9A-942B-41F4-967F-154847F41D49}
	EndGlobalSection
EndGlobal
